
Microsoft Visual Studio Solution File, Format Version 12.00
# Visual Studio Version 17
VisualStudioVersion = 17.3.32929.385
MinimumVisualStudioVersion = 10.0.40219.1
Project("{FAE04EC0-301F-11D3-BF4B-00C04F79EFBC}") = "WindowsFormsApp7", "WindowsFormsApp7.csproj", "{4CC210F9-98FA-431A-BA23-7C2B483E5DF6}"
EndProject
Global
	GlobalSection(SolutionConfigurationPlatforms) = preSolution
		Debug|Any CPU = Debug|Any CPU
		Release|Any CPU = Release|Any CPU
	EndGlobalSection
	GlobalSection(ProjectConfigurationPlatforms) = postSolution
		{4CC210F9-98FA-431A-BA23-7C2B483E5DF6}.Debug|Any CPU.ActiveCfg = Debug|Any CPU
		{4CC210F9-98FA-431A-BA23-7C2B483E5DF6}.Debug|Any CPU.Build.0 = Debug|Any CPU
		{4CC210F9-98FA-431A-BA23-7C2B483E5DF6}.Release|Any CPU.ActiveCfg = Release|Any CPU
		{4CC210F9-98FA-431A-BA23-7C2B483E5DF6}.Release|Any CPU.Build.0 = Release|Any CPU
	EndGlobalSection
	GlobalSection(SolutionProperties) = preSolution
		HideSolutionNode = FALSE
	EndGlobalSection
	GlobalSection(ExtensibilityGlobals) = postSolution
		SolutionGuid = {8578DB16-6028-43B9-99A0-29F4743EB56E}
	EndGlobalSection
EndGlobal
